
Microsoft Visual Studio Solution File, Format Version 12.00
Project("{FAE04EC0-301F-11D3-BF4B-00C04F79EFBC}") = "WebApi", "WebApi\WebApi.csproj", "{5E4CBE0A-C002-4B67-900F-C256D4C16736}"
EndProject
Global
	GlobalSection(SolutionConfigurationPlatforms) = preSolution
		Debug|Any CPU = Debug|Any CPU
		Release|Any CPU = Release|Any CPU
	EndGlobalSection
	GlobalSection(ProjectConfigurationPlatforms) = postSolution
		{5E4CBE0A-C002-4B67-900F-C256D4C16736}.Debug|Any CPU.ActiveCfg = Debug|Any CPU
		{5E4CBE0A-C002-4B67-900F-C256D4C16736}.Debug|Any CPU.Build.0 = Debug|Any CPU
		{5E4CBE0A-C002-4B67-900F-C256D4C16736}.Release|Any CPU.ActiveCfg = Release|Any CPU
		{5E4CBE0A-C002-4B67-900F-C256D4C16736}.Release|Any CPU.Build.0 = Release|Any CPU
	EndGlobalSection
EndGlobal
